
Microsoft Visual Studio Solution File, Format Version 12.00
# Visual Studio Version 17
VisualStudioVersion = 17.6.33815.320
MinimumVisualStudioVersion = 10.0.40219.1
Project("{FAE04EC0-301F-11D3-BF4B-00C04F79EFBC}") = "model popup", "model popup\model popup.csproj", "{912C7849-F19A-43DA-80C9-D20CC941D4E8}"
EndProject
Global
	GlobalSection(SolutionConfigurationPlatforms) = preSolution
		Debug|Any CPU = Debug|Any CPU
		Release|Any CPU = Release|Any CPU
	EndGlobalSection
	GlobalSection(ProjectConfigurationPlatforms) = postSolution
		{912C7849-F19A-43DA-80C9-D20CC941D4E8}.Debug|Any CPU.ActiveCfg = Debug|Any CPU
		{912C7849-F19A-43DA-80C9-D20CC941D4E8}.Debug|Any CPU.Build.0 = Debug|Any CPU
		{912C7849-F19A-43DA-80C9-D20CC941D4E8}.Release|Any CPU.ActiveCfg = Release|Any CPU
		{912C7849-F19A-43DA-80C9-D20CC941D4E8}.Release|Any CPU.Build.0 = Release|Any CPU
	EndGlobalSection
	GlobalSection(SolutionProperties) = preSolution
		HideSolutionNode = FALSE
	EndGlobalSection
	GlobalSection(ExtensibilityGlobals) = postSolution
		SolutionGuid = {0B4F0788-4722-4541-8BA5-472678EA82C9}
	EndGlobalSection
EndGlobal
